
Microsoft Visual Studio Solution File, Format Version 12.00
# Visual Studio Version 17
VisualStudioVersion = 17.13.35825.156 d17.13
MinimumVisualStudioVersion = 10.0.40219.1
Project("{FAE04EC0-301F-11D3-BF4B-00C04F79EFBC}") = "WebApplication6", "WebApplication6\WebApplication6.csproj", "{AC30356B-9C68-473E-A7BA-ED3E59407930}"
EndProject
Global
	GlobalSection(SolutionConfigurationPlatforms) = preSolution
		Debug|Any CPU = Debug|Any CPU
		Release|Any CPU = Release|Any CPU
	EndGlobalSection
	GlobalSection(ProjectConfigurationPlatforms) = postSolution
		{AC30356B-9C68-473E-A7BA-ED3E59407930}.Debug|Any CPU.ActiveCfg = Debug|Any CPU
		{AC30356B-9C68-473E-A7BA-ED3E59407930}.Debug|Any CPU.Build.0 = Debug|Any CPU
		{AC30356B-9C68-473E-A7BA-ED3E59407930}.Release|Any CPU.ActiveCfg = Release|Any CPU
		{AC30356B-9C68-473E-A7BA-ED3E59407930}.Release|Any CPU.Build.0 = Release|Any CPU
	EndGlobalSection
	GlobalSection(SolutionProperties) = preSolution
		HideSolutionNode = FALSE
	EndGlobalSection
	GlobalSection(ExtensibilityGlobals) = postSolution
		SolutionGuid = {F2BF8D35-0526-4ABB-9983-6D2732E5CA1D}
	EndGlobalSection
EndGlobal
